github.com/Zyko0/go-sdl3 v0.1.1 h1:tXlnEcEJa9eqyzaBpCktOGteJGbUfnvG6ocURdsspHw=
github.com/Zyko0/go-sdl3 v0.1.1/go.mod h1:LOqUd6DUUkCO/8quWPfovV1Ep/nr/aw0uBT5vdlAIQY=
github.com/Zyko0/purego-gen v0.0.1 h1:EGQJc4OWZIOlGxXAm862mUBxk84GwagaehP8bp07k28=
github.com/Zyko0/purego-gen v0.0.1/go.mod h1:gp2e2bIFBipVZx/uOVqBwtb8g8N+AQ1N2PcFVVEwNXc=
github.com/ebitengine/purego v0.10.2 h1:W809HbnvzAxgdm+aOvlSekrM16wGCdT/e76+9tS7gzE=
github.com/ebitengine/purego v0.10.2/go.mod h1:iIjxzd6CiRiOG0UyXP+V1+jWqUXVjPKLAI0mRfJZTmQ=
github.com/mattn/go-runewidth v0.0.16 h1:E5ScNMtiwvlvB5paMFdw9p4kSQzbXFikJ5SQO6TULQc=
github.com/mattn/go-runewidth v0.0.16/go.mod h1:Jdepj2loyihRzMpdS35Xk/zdY8IAYHsh153qUoGf23w=
github.com/rivo/uniseg v0.2.0/go.mod h1:J6wj4VEh+S6ZtnVlnTBMWIodfgj8LQOQFoIToxlJtxc=
github.com/rivo/uniseg v0.4.7 h1:WUdvkW8uEhrYfLC4ZzdpI2ztxP1I582+49Oc5Mq64VQ=
github.com/rivo/uniseg v0.4.7/go.mod h1:FN3SvrM+Zdj16jyLfmOkMNblXMcoc8DfTHruCPUcx88=
golang.org/x/sys v0.47.0 h1:o7XGOvZQCADBQQ4Y7VNq2dRWQR7JmOUW8Kxx4ZsNgWs=
golang.org/x/sys v0.47.0/go.mod h1:4GL1E5IUh+htKOUEOaiffhrAeqysfVGipDYzABqnCmw=
